
Microsoft Visual Studio Solution File, Format Version 12.00
# Visual Studio Version 16
VisualStudioVersion = 16.0.30503.244
MinimumVisualStudioVersion = 10.0.40219.1
Project("{FAE04EC0-301F-11D3-BF4B-00C04F79EFBC}") = "SampleReviewCheck", "SampleReviewCheck\SampleReviewCheck.csproj", "{E4B3661E-5C72-4731-9AFE-27A41D73F529}"
EndProject
Global
	GlobalSection(SolutionConfigurationPlatforms) = preSolution
		Debug|Any CPU = Debug|Any CPU
		Release|Any CPU = Release|Any CPU
	EndGlobalSection
	GlobalSection(ProjectConfigurationPlatforms) = postSolution
		{E4B3661E-5C72-4731-9AFE-27A41D73F529}.Debug|Any CPU.ActiveCfg = Debug|Any CPU
		{E4B3661E-5C72-4731-9AFE-27A41D73F529}.Debug|Any CPU.Build.0 = Debug|Any CPU
		{E4B3661E-5C72-4731-9AFE-27A41D73F529}.Release|Any CPU.ActiveCfg = Release|Any CPU
		{E4B3661E-5C72-4731-9AFE-27A41D73F529}.Release|Any CPU.Build.0 = Release|Any CPU
	EndGlobalSection
	GlobalSection(SolutionProperties) = preSolution
		HideSolutionNode = FALSE
	EndGlobalSection
	GlobalSection(ExtensibilityGlobals) = postSolution
		SolutionGuid = {3D9A9572-9C5C-46B0-B24B-1A015A6C23C4}
	EndGlobalSection
EndGlobal
